
Microsoft Visual Studio Solution File, Format Version 12.00
# Visual Studio Version 17
VisualStudioVersion = 17.13.35828.75 d17.13
MinimumVisualStudioVersion = 10.0.40219.1
Project("{FAE04EC0-301F-11D3-BF4B-00C04F79EFBC}") = "butceTakipSistemi", "butceTakipSistemi\butceTakipSistemi.csproj", "{C0EFDD9B-2EBA-46EC-8899-06A5372279CF}"
EndProject
Global
	GlobalSection(SolutionConfigurationPlatforms) = preSolution
		Debug|Any CPU = Debug|Any CPU
		Release|Any CPU = Release|Any CPU
	EndGlobalSection
	GlobalSection(ProjectConfigurationPlatforms) = postSolution
		{C0EFDD9B-2EBA-46EC-8899-06A5372279CF}.Debug|Any CPU.ActiveCfg = Debug|Any CPU
		{C0EFDD9B-2EBA-46EC-8899-06A5372279CF}.Debug|Any CPU.Build.0 = Debug|Any CPU
		{C0EFDD9B-2EBA-46EC-8899-06A5372279CF}.Release|Any CPU.ActiveCfg = Release|Any CPU
		{C0EFDD9B-2EBA-46EC-8899-06A5372279CF}.Release|Any CPU.Build.0 = Release|Any CPU
	EndGlobalSection
	GlobalSection(SolutionProperties) = preSolution
		HideSolutionNode = FALSE
	EndGlobalSection
	GlobalSection(ExtensibilityGlobals) = postSolution
		SolutionGuid = {6DC30919-FE7D-46C7-87E3-E869A8E5F933}
	EndGlobalSection
EndGlobal
